{
    "_meta": {
        "hash": {
            "sha256": "39f968d9d3bad864ad992c4c1ba530f949cf57e99f63bb5cf14b60df892c4ff0"
        },
        "pipfile-spec": 6,
        "requires": {
            "python_version": "3"
        },
        "sources": [
            {
                "name": "pypi",
                "url": "https://pypi.org/simple",
                "verify_ssl": true
            }
        ]
    },
    "default": {
        "asgiref": {
            "hashes": [
                "sha256:92906c611ce6c967347bbfea733f13d6313901d54dcca88195eaeb52b2a8e8ee",
                "sha256:d1216dfbdfb63826470995d31caed36225dcaf34f182e0fa257a4dd9e86f1b78"
            ],
            "markers": "python_version >= '3.6'",
            "version": "==3.3.4"
        },
        "dj-database-url": {
            "hashes": [
                "sha256:4aeaeb1f573c74835b0686a2b46b85990571159ffc21aa57ecd4d1e1cb334163",
                "sha256:851785365761ebe4994a921b433062309eb882fedd318e1b0fcecc607ed02da9"
            ],
            "index": "pypi",
            "version": "==0.5.0"
        },
        "django": {
            "hashes": [
                "sha256:66c9d8db8cc6fe938a28b7887c1596e42d522e27618562517cc8929eb7e7f296",
                "sha256:ea735cbbbb3b2fba6d4da4784a0043d84c67c92f1fdf15ad6db69900e792c10f"
            ],
            "index": "pypi",
            "version": "==3.2.4"
        },
        "gunicorn": {
            "hashes": [
                "sha256:9dcc4547dbb1cb284accfb15ab5667a0e5d1881cc443e0677b4882a4067a807e",
                "sha256:e0a968b5ba15f8a328fdfd7ab1fcb5af4470c28aaf7e55df02a99bc13138e6e8"
            ],
            "index": "pypi",
            "version": "==20.1.0"
        },
        "psycopg2": {
            "hashes": [
                "sha256:03a485bf71498870e38b535c0e6e7162d6ac06a91487edddc3b959894d65f79c",
                "sha256:22102cfeb904898254f287b1a77360bf66c636858e7476593acd5267e5c24ff9",
                "sha256:8f4c1800e57ad128d20b2e91d222ca238fffd316cef65be781361cdf35e37979",
                "sha256:b12073fdf2002e828e5921be2c39ff9c6eab361c5c0bd6c529619fc23677accc",
                "sha256:b6f47af317af8110818d255e693cfa80b7f1e435285be09778db7b66efd95789",
                "sha256:d549db98fc0e6db41a2aa0d65f7434c4308a9f64012adb209b9e489f26fe87c6",
                "sha256:e44e39a46af7c30566b7667fb27e701e652ab0a51e05c263a01d3ff0e223b765",
                "sha256:e84c80be7a238d3c9c099b71f6890eaa35fc881146232cce888a88ab1bfb431e",
                "sha256:f3d42bd42302293767b84206d9a446abc67ed4a133e4fe04dad8952de06c2091"
            ],
            "index": "pypi",
            "version": "==2.9"
        },
        "pyperclip": {
            "hashes": [
                "sha256:105254a8b04934f0bc84e9c24eb360a591aaf6535c9def5f29d92af107a9bf57"
            ],
            "index": "pypi",
            "version": "==1.8.2"
        },
        "pytz": {
            "hashes": [
                "sha256:83a4a90894bf38e243cf052c8b58f381bfe9a7a483f6a9cab140bc7f702ac4da",
                "sha256:eb10ce3e7736052ed3623d49975ce333bcd712c7bb19a58b9e2089d4057d0798"
            ],
            "version": "==2021.1"
        },
        "sqlparse": {
            "hashes": [
                "sha256:017cde379adbd6a1f15a61873f43e8274179378e95ef3fede90b5aa64d304ed0",
                "sha256:0f91fd2e829c44362cbcfab3e9ae12e22badaa8a29ad5ff599f9ec109f0454e8"
            ],
            "markers": "python_version >= '3.5'",
            "version": "==0.4.1"
        }
    },
    "develop": {}
}
